
Microsoft Visual Studio Solution File, Format Version 12.00
# Visual Studio Version 17
VisualStudioVersion = 17.5.002.0
MinimumVisualStudioVersion = 10.0.40219.1
Project("{9A19103F-16F7-4668-BE54-9A1E7A4F7556}") = "test", "test.csproj", "{55A0CA4E-AA4F-48AC-8835-96EBCDFBE408}"
EndProject
Global
	GlobalSection(SolutionConfigurationPlatforms) = preSolution
		Debug|Any CPU = Debug|Any CPU
		Release|Any CPU = Release|Any CPU
	EndGlobalSection
	GlobalSection(ProjectConfigurationPlatforms) = postSolution
		{55A0CA4E-AA4F-48AC-8835-96EBCDFBE408}.Debug|Any CPU.ActiveCfg = Debug|Any CPU
		{55A0CA4E-AA4F-48AC-8835-96EBCDFBE408}.Debug|Any CPU.Build.0 = Debug|Any CPU
		{55A0CA4E-AA4F-48AC-8835-96EBCDFBE408}.Release|Any CPU.ActiveCfg = Release|Any CPU
		{55A0CA4E-AA4F-48AC-8835-96EBCDFBE408}.Release|Any CPU.Build.0 = Release|Any CPU
	EndGlobalSection
	GlobalSection(SolutionProperties) = preSolution
		HideSolutionNode = FALSE
	EndGlobalSection
	GlobalSection(ExtensibilityGlobals) = postSolution
		SolutionGuid = {5314B27B-6FD7-4C55-953C-2A973DFE427B}
	EndGlobalSection
EndGlobal
