
Microsoft Visual Studio Solution File, Format Version 12.00
# Visual Studio Version 17
VisualStudioVersion = 17.5.002.0
MinimumVisualStudioVersion = 10.0.40219.1
Project("{9A19103F-16F7-4668-BE54-9A1E7A4F7556}") = "console", "console\console.csproj", "{30838E41-3CEA-4AF8-B16F-7F3DF2C04020}"
EndProject
Global
	GlobalSection(SolutionConfigurationPlatforms) = preSolution
		Debug|Any CPU = Debug|Any CPU
		Release|Any CPU = Release|Any CPU
	EndGlobalSection
	GlobalSection(ProjectConfigurationPlatforms) = postSolution
		{30838E41-3CEA-4AF8-B16F-7F3DF2C04020}.Debug|Any CPU.ActiveCfg = Debug|Any CPU
		{30838E41-3CEA-4AF8-B16F-7F3DF2C04020}.Debug|Any CPU.Build.0 = Debug|Any CPU
		{30838E41-3CEA-4AF8-B16F-7F3DF2C04020}.Release|Any CPU.ActiveCfg = Release|Any CPU
		{30838E41-3CEA-4AF8-B16F-7F3DF2C04020}.Release|Any CPU.Build.0 = Release|Any CPU
	EndGlobalSection
	GlobalSection(SolutionProperties) = preSolution
		HideSolutionNode = FALSE
	EndGlobalSection
	GlobalSection(ExtensibilityGlobals) = postSolution
		SolutionGuid = {4030997A-B211-44D4-B96E-C3821F207FA1}
	EndGlobalSection
EndGlobal
