
Microsoft Visual Studio Solution File, Format Version 12.00
# Visual Studio Version 17
VisualStudioVersion = 17.5.002.0
MinimumVisualStudioVersion = 10.0.40219.1
Project("{9A19103F-16F7-4668-BE54-9A1E7A4F7556}") = "lib", "lib\lib.csproj", "{95DCCCFF-94EF-478A-9121-237BCA37F39F}"
EndProject
Project("{9A19103F-16F7-4668-BE54-9A1E7A4F7556}") = "test", "test\test.csproj", "{D38F6392-1680-4CAD-B27D-868BA7494D5A}"
EndProject
Global
	GlobalSection(SolutionConfigurationPlatforms) = preSolution
		Debug|Any CPU = Debug|Any CPU
		Release|Any CPU = Release|Any CPU
	EndGlobalSection
	GlobalSection(ProjectConfigurationPlatforms) = postSolution
		{95DCCCFF-94EF-478A-9121-237BCA37F39F}.Debug|Any CPU.ActiveCfg = Debug|Any CPU
		{95DCCCFF-94EF-478A-9121-237BCA37F39F}.Debug|Any CPU.Build.0 = Debug|Any CPU
		{95DCCCFF-94EF-478A-9121-237BCA37F39F}.Release|Any CPU.ActiveCfg = Release|Any CPU
		{95DCCCFF-94EF-478A-9121-237BCA37F39F}.Release|Any CPU.Build.0 = Release|Any CPU
		{D38F6392-1680-4CAD-B27D-868BA7494D5A}.Debug|Any CPU.ActiveCfg = Debug|Any CPU
		{D38F6392-1680-4CAD-B27D-868BA7494D5A}.Debug|Any CPU.Build.0 = Debug|Any CPU
		{D38F6392-1680-4CAD-B27D-868BA7494D5A}.Release|Any CPU.ActiveCfg = Release|Any CPU
		{D38F6392-1680-4CAD-B27D-868BA7494D5A}.Release|Any CPU.Build.0 = Release|Any CPU
	EndGlobalSection
	GlobalSection(SolutionProperties) = preSolution
		HideSolutionNode = FALSE
	EndGlobalSection
	GlobalSection(ExtensibilityGlobals) = postSolution
		SolutionGuid = {C9818105-7386-4311-B749-88BF46CE9B65}
	EndGlobalSection
EndGlobal
