
Microsoft Visual Studio Solution File, Format Version 12.00
# Visual Studio Version 17
VisualStudioVersion = 17.5.002.0
MinimumVisualStudioVersion = 10.0.40219.1
Project("{9A19103F-16F7-4668-BE54-9A1E7A4F7556}") = "Task3", "Task3.csproj", "{5EFBC6E6-E6BE-415A-9511-3E886DE475FC}"
EndProject
Global
	GlobalSection(SolutionConfigurationPlatforms) = preSolution
		Debug|Any CPU = Debug|Any CPU
		Release|Any CPU = Release|Any CPU
	EndGlobalSection
	GlobalSection(ProjectConfigurationPlatforms) = postSolution
		{5EFBC6E6-E6BE-415A-9511-3E886DE475FC}.Debug|Any CPU.ActiveCfg = Debug|Any CPU
		{5EFBC6E6-E6BE-415A-9511-3E886DE475FC}.Debug|Any CPU.Build.0 = Debug|Any CPU
		{5EFBC6E6-E6BE-415A-9511-3E886DE475FC}.Release|Any CPU.ActiveCfg = Release|Any CPU
		{5EFBC6E6-E6BE-415A-9511-3E886DE475FC}.Release|Any CPU.Build.0 = Release|Any CPU
	EndGlobalSection
	GlobalSection(SolutionProperties) = preSolution
		HideSolutionNode = FALSE
	EndGlobalSection
	GlobalSection(ExtensibilityGlobals) = postSolution
		SolutionGuid = {E8989B5F-1420-4A60-9FCF-98707BC8C1C9}
	EndGlobalSection
EndGlobal
