
Microsoft Visual Studio Solution File, Format Version 12.00
# Visual Studio Version 17
VisualStudioVersion = 17.5.002.0
MinimumVisualStudioVersion = 10.0.40219.1
Project("{9A19103F-16F7-4668-BE54-9A1E7A4F7556}") = "task2", "task2.csproj", "{59CBA28B-FA12-4EDA-B549-C9FC9D7BDE59}"
EndProject
Global
	GlobalSection(SolutionConfigurationPlatforms) = preSolution
		Debug|Any CPU = Debug|Any CPU
		Release|Any CPU = Release|Any CPU
	EndGlobalSection
	GlobalSection(ProjectConfigurationPlatforms) = postSolution
		{59CBA28B-FA12-4EDA-B549-C9FC9D7BDE59}.Debug|Any CPU.ActiveCfg = Debug|Any CPU
		{59CBA28B-FA12-4EDA-B549-C9FC9D7BDE59}.Debug|Any CPU.Build.0 = Debug|Any CPU
		{59CBA28B-FA12-4EDA-B549-C9FC9D7BDE59}.Release|Any CPU.ActiveCfg = Release|Any CPU
		{59CBA28B-FA12-4EDA-B549-C9FC9D7BDE59}.Release|Any CPU.Build.0 = Release|Any CPU
	EndGlobalSection
	GlobalSection(SolutionProperties) = preSolution
		HideSolutionNode = FALSE
	EndGlobalSection
	GlobalSection(ExtensibilityGlobals) = postSolution
		SolutionGuid = {69780CD4-7308-4D21-8BC1-6ED78975BE92}
	EndGlobalSection
EndGlobal
